
Microsoft Visual Studio Solution File, Format Version 12.00
# Visual Studio Version 17
VisualStudioVersion = 17.4.33205.214
MinimumVisualStudioVersion = 10.0.40219.1
Project("{FAE04EC0-301F-11D3-BF4B-00C04F79EFBC}") = "CoCo", "CoCo\CoCo.csproj", "{691E7679-9C2D-4C19-977B-57BA645885B6}"
EndProject
Global
	GlobalSection(SolutionConfigurationPlatforms) = preSolution
		Debug|Any CPU = Debug|Any CPU
		Release|Any CPU = Release|Any CPU
	EndGlobalSection
	GlobalSection(ProjectConfigurationPlatforms) = postSolution
		{691E7679-9C2D-4C19-977B-57BA645885B6}.Debug|Any CPU.ActiveCfg = Debug|Any CPU
		{691E7679-9C2D-4C19-977B-57BA645885B6}.Debug|Any CPU.Build.0 = Debug|Any CPU
		{691E7679-9C2D-4C19-977B-57BA645885B6}.Release|Any CPU.ActiveCfg = Release|Any CPU
		{691E7679-9C2D-4C19-977B-57BA645885B6}.Release|Any CPU.Build.0 = Release|Any CPU
	EndGlobalSection
	GlobalSection(SolutionProperties) = preSolution
		HideSolutionNode = FALSE
	EndGlobalSection
	GlobalSection(ExtensibilityGlobals) = postSolution
		SolutionGuid = {68FA0D74-D166-4759-B2B6-38768BAB6E35}
	EndGlobalSection
EndGlobal
